// !$*UTF8*$!
{
	archiveVersion = 1;
	classes = {
	};
	objectVersion = 56;
	objects = {

/* Begin PBXBuildFile section */
		981D40872937C50900E2EE0A /* AppDelegate.swift in Sources */ = {isa = PBXBuildFile; fileRef = 981D40862937C50900E2EE0A /* AppDelegate.swift */; };
		981D40892937C50900E2EE0A /* SceneDelegate.swift in Sources */ = {isa = PBXBuildFile; fileRef = 981D40882937C50900E2EE0A /* SceneDelegate.swift */; };
		981D40902937C50A00E2EE0A /* Assets.xcassets in Resources */ = {isa = PBXBuildFile; fileRef = 981D408F2937C50A00E2EE0A /* Assets.xcassets */; };
		981D40932937C50A00E2EE0A /* LaunchScreen.storyboard in Resources */ = {isa = PBXBuildFile; fileRef = 981D40912937C50A00E2EE0A /* LaunchScreen.storyboard */; };
		981D409C2937C60A00E2EE0A /* HomeViewController.swift in Sources */ = {isa = PBXBuildFile; fileRef = 981D409B2937C60A00E2EE0A /* HomeViewController.swift */; };
		981D409F2937C62A00E2EE0A /* Sub1ViewController.swift in Sources */ = {isa = PBXBuildFile; fileRef = 981D409E2937C62A00E2EE0A /* Sub1ViewController.swift */; };
		981D40A12937C7F400E2EE0A /* GenericTableViewCell.swift in Sources */ = {isa = PBXBuildFile; fileRef = 981D40A02937C7F400E2EE0A /* GenericTableViewCell.swift */; };
		981D40A32937DBA500E2EE0A /* Sub2ViewController.swift in Sources */ = {isa = PBXBuildFile; fileRef = 981D40A22937DBA500E2EE0A /* Sub2ViewController.swift */; };
		981D40A529390E3B00E2EE0A /* RootViewController.swift in Sources */ = {isa = PBXBuildFile; fileRef = 981D40A429390E3B00E2EE0A /* RootViewController.swift */; };
		981D40A7293927D200E2EE0A /* SideViewController.swift in Sources */ = {isa = PBXBuildFile; fileRef = 981D40A6293927D200E2EE0A /* SideViewController.swift */; };
/* End PBXBuildFile section */

/* Begin PBXFileReference section */
		981D40832937C50900E2EE0A /* Navigation.app */ = {isa = PBXFileReference; explicitFileType = wrapper.application; includeInIndex = 0; path = Navigation.app; sourceTree = BUILT_PRODUCTS_DIR; };
		981D40862937C50900E2EE0A /* AppDelegate.swift */ = {isa = PBXFileReference; lastKnownFileType = sourcecode.swift; path = AppDelegate.swift; sourceTree = "<group>"; };
		981D40882937C50900E2EE0A /* SceneDelegate.swift */ = {isa = PBXFileReference; lastKnownFileType = sourcecode.swift; path = SceneDelegate.swift; sourceTree = "<group>"; };
		981D408F2937C50A00E2EE0A /* Assets.xcassets */ = {isa = PBXFileReference; lastKnownFileType = folder.assetcatalog; path = Assets.xcassets; sourceTree = "<group>"; };
		981D40922937C50A00E2EE0A /* Base */ = {isa = PBXFileReference; lastKnownFileType = file.storyboard; name = Base; path = Base.lproj/LaunchScreen.storyboard; sourceTree = "<group>"; };
		981D40942937C50A00E2EE0A /* Info.plist */ = {isa = PBXFileReference; lastKnownFileType = text.plist.xml; path = Info.plist; sourceTree = "<group>"; };
		981D409B2937C60A00E2EE0A /* HomeViewController.swift */ = {isa = PBXFileReference; lastKnownFileType = sourcecode.swift; path = HomeViewController.swift; sourceTree = "<group>"; };
		981D409E2937C62A00E2EE0A /* Sub1ViewController.swift */ = {isa = PBXFileReference; lastKnownFileType = sourcecode.swift; path = Sub1ViewController.swift; sourceTree = "<group>"; };
		981D40A02937C7F400E2EE0A /* GenericTableViewCell.swift */ = {isa = PBXFileReference; lastKnownFileType = sourcecode.swift; path = GenericTableViewCell.swift; sourceTree = "<group>"; };
		981D40A22937DBA500E2EE0A /* Sub2ViewController.swift */ = {isa = PBXFileReference; lastKnownFileType = sourcecode.swift; path = Sub2ViewController.swift; sourceTree = "<group>"; };
		981D40A429390E3B00E2EE0A /* RootViewController.swift */ = {isa = PBXFileReference; lastKnownFileType = sourcecode.swift; path = RootViewController.swift; sourceTree = "<group>"; };
		981D40A6293927D200E2EE0A /* SideViewController.swift */ = {isa = PBXFileReference; lastKnownFileType = sourcecode.swift; path = SideViewController.swift; sourceTree = "<group>"; };
/* End PBXFileReference section */

/* Begin PBXFrameworksBuildPhase section */
		981D40802937C50900E2EE0A /* Frameworks */ = {
			isa = PBXFrameworksBuildPhase;
			buildActionMask = 2147483647;
			files = (
			);
			runOnlyForDeploymentPostprocessing = 0;
		};
/* End PBXFrameworksBuildPhase section */

/* Begin PBXGroup section */
		981D407A2937C50900E2EE0A = {
			isa = PBXGroup;
			children = (
				981D40852937C50900E2EE0A /* Navigation */,
				981D40842937C50900E2EE0A /* Products */,
			);
			sourceTree = "<group>";
		};
		981D40842937C50900E2EE0A /* Products */ = {
			isa = PBXGroup;
			children = (
				981D40832937C50900E2EE0A /* Navigation.app */,
			);
			name = Products;
			sourceTree = "<group>";
		};
		981D40852937C50900E2EE0A /* Navigation */ = {
			isa = PBXGroup;
			children = (
				981D40A02937C7F400E2EE0A /* GenericTableViewCell.swift */,
				981D409A2937C5E900E2EE0A /* ViewControllers */,
				981D40862937C50900E2EE0A /* AppDelegate.swift */,
				981D40882937C50900E2EE0A /* SceneDelegate.swift */,
				981D408F2937C50A00E2EE0A /* Assets.xcassets */,
				981D40912937C50A00E2EE0A /* LaunchScreen.storyboard */,
				981D40942937C50A00E2EE0A /* Info.plist */,
			);
			path = Navigation;
			sourceTree = "<group>";
		};
		981D409A2937C5E900E2EE0A /* ViewControllers */ = {
			isa = PBXGroup;
			children = (
				981D40A429390E3B00E2EE0A /* RootViewController.swift */,
				981D409D2937C60E00E2EE0A /* HomeToSub1ViewControllers */,
				981D409B2937C60A00E2EE0A /* HomeViewController.swift */,
				981D40A6293927D200E2EE0A /* SideViewController.swift */,
			);
			path = ViewControllers;
			sourceTree = "<group>";
		};
		981D409D2937C60E00E2EE0A /* HomeToSub1ViewControllers */ = {
			isa = PBXGroup;
			children = (
				981D409E2937C62A00E2EE0A /* Sub1ViewController.swift */,
				981D40A22937DBA500E2EE0A /* Sub2ViewController.swift */,
			);
			path = HomeToSub1ViewControllers;
			sourceTree = "<group>";
		};
/* End PBXGroup section */

/* Begin PBXNativeTarget section */
		981D40822937C50900E2EE0A /* Navigation */ = {
			isa = PBXNativeTarget;
			buildConfigurationList = 981D40972937C50A00E2EE0A /* Build configuration list for PBXNativeTarget "Navigation" */;
			buildPhases = (
				981D407F2937C50900E2EE0A /* Sources */,
				981D40802937C50900E2EE0A /* Frameworks */,
				981D40812937C50900E2EE0A /* Resources */,
			);
			buildRules = (
			);
			dependencies = (
			);
			name = Navigation;
			productName = Navigation;
			productReference = 981D40832937C50900E2EE0A /* Navigation.app */;
			productType = "com.apple.product-type.application";
		};
/* End PBXNativeTarget section */

/* Begin PBXProject section */
		981D407B2937C50900E2EE0A /* Project object */ = {
			isa = PBXProject;
			attributes = {
				BuildIndependentTargetsInParallel = 1;
				LastSwiftUpdateCheck = 1410;
				LastUpgradeCheck = 1410;
				TargetAttributes = {
					981D40822937C50900E2EE0A = {
						CreatedOnToolsVersion = 14.1;
					};
				};
			};
			buildConfigurationList = 981D407E2937C50900E2EE0A /* Build configuration list for PBXProject "Navigation" */;
			compatibilityVersion = "Xcode 14.0";
			developmentRegion = en;
			hasScannedForEncodings = 0;
			knownRegions = (
				en,
				Base,
			);
			mainGroup = 981D407A2937C50900E2EE0A;
			productRefGroup = 981D40842937C50900E2EE0A /* Products */;
			projectDirPath = "";
			projectRoot = "";
			targets = (
				981D40822937C50900E2EE0A /* Navigation */,
			);
		};
/* End PBXProject section */

/* Begin PBXResourcesBuildPhase section */
		981D40812937C50900E2EE0A /* Resources */ = {
			isa = PBXResourcesBuildPhase;
			buildActionMask = 2147483647;
			files = (
				981D40932937C50A00E2EE0A /* LaunchScreen.storyboard in Resources */,
				981D40902937C50A00E2EE0A /* Assets.xcassets in Resources */,
			);
			runOnlyForDeploymentPostprocessing = 0;
		};
/* End PBXResourcesBuildPhase section */

/* Begin PBXSourcesBuildPhase section */
		981D407F2937C50900E2EE0A /* Sources */ = {
			isa = PBXSourcesBuildPhase;
			buildActionMask = 2147483647;
			files = (
				981D40A32937DBA500E2EE0A /* Sub2ViewController.swift in Sources */,
				981D409F2937C62A00E2EE0A /* Sub1ViewController.swift in Sources */,
				981D40A529390E3B00E2EE0A /* RootViewController.swift in Sources */,
				981D40872937C50900E2EE0A /* AppDelegate.swift in Sources */,
				981D40A12937C7F400E2EE0A /* GenericTableViewCell.swift in Sources */,
				981D40892937C50900E2EE0A /* SceneDelegate.swift in Sources */,
				981D409C2937C60A00E2EE0A /* HomeViewController.swift in Sources */,
				981D40A7293927D200E2EE0A /* SideViewController.swift in Sources */,
			);
			runOnlyForDeploymentPostprocessing = 0;
		};
/* End PBXSourcesBuildPhase section */

/* Begin PBXVariantGroup section */
		981D40912937C50A00E2EE0A /* LaunchScreen.storyboard */ = {
			isa = PBXVariantGroup;
			children = (
				981D40922937C50A00E2EE0A /* Base */,
			);
			name = LaunchScreen.storyboard;
			sourceTree = "<group>";
		};
/* End PBXVariantGroup section */

/* Begin XCBuildConfiguration section */
		981D40952937C50A00E2EE0A /* Debug */ = {
			isa = XCBuildConfiguration;
			buildSettings = {
				ALWAYS_SEARCH_USER_PATHS = NO;
				CLANG_ANALYZER_NONNULL = YES;
				CLANG_ANALYZER_NUMBER_OBJECT_CONVERSION = YES_AGGRESSIVE;
				CLANG_CXX_LANGUAGE_STANDARD = "gnu++20";
				CLANG_ENABLE_MODULES = YES;
				CLANG_ENABLE_OBJC_ARC = YES;
				CLANG_ENABLE_OBJC_WEAK = YES;
				CLANG_WARN_BLOCK_CAPTURE_AUTORELEASING = YES;
				CLANG_WARN_BOOL_CONVERSION = YES;
				CLANG_WARN_COMMA = YES;
				CLANG_WARN_CONSTANT_CONVERSION = YES;
				CLANG_WARN_DEPRECATED_OBJC_IMPLEMENTATIONS = YES;
				CLANG_WARN_DIRECT_OBJC_ISA_USAGE = YES_ERROR;
				CLANG_WARN_DOCUMENTATION_COMMENTS = YES;
				CLANG_WARN_EMPTY_BODY = YES;
				CLANG_WARN_ENUM_CONVERSION = YES;
				CLANG_WARN_INFINITE_RECURSION = YES;
				CLANG_WARN_INT_CONVERSION = YES;
				CLANG_WARN_NON_LITERAL_NULL_CONVERSION = YES;
				CLANG_WARN_OBJC_IMPLICIT_RETAIN_SELF = YES;
				CLANG_WARN_OBJC_LITERAL_CONVERSION = YES;
				CLANG_WARN_OBJC_ROOT_CLASS = YES_ERROR;
				CLANG_WARN_QUOTED_INCLUDE_IN_FRAMEWORK_HEADER = YES;
				CLANG_WARN_RANGE_LOOP_ANALYSIS = YES;
				CLANG_WARN_STRICT_PROTOTYPES = YES;
				CLANG_WARN_SUSPICIOUS_MOVE = YES;
				CLANG_WARN_UNGUARDED_AVAILABILITY = YES_AGGRESSIVE;
				CLANG_WARN_UNREACHABLE_CODE = YES;
				CLANG_WARN__DUPLICATE_METHOD_MATCH = YES;
				COPY_PHASE_STRIP = NO;
				DEBUG_INFORMATION_FORMAT = dwarf;
				ENABLE_STRICT_OBJC_MSGSEND = YES;
				ENABLE_TESTABILITY = YES;
				GCC_C_LANGUAGE_STANDARD = gnu11;
				GCC_DYNAMIC_NO_PIC = NO;
				GCC_NO_COMMON_BLOCKS = YES;
				GCC_OPTIMIZATION_LEVEL = 0;
				GCC_PREPROCESSOR_DEFINITIONS = (
					"DEBUG=1",
					"$(inherited)",
				);
				GCC_WARN_64_TO_32_BIT_CONVERSION = YES;
				GCC_WARN_ABOUT_RETURN_TYPE = YES_ERROR;
				GCC_WARN_UNDECLARED_SELECTOR = YES;
				GCC_WARN_UNINITIALIZED_AUTOS = YES_AGGRESSIVE;
				GCC_WARN_UNUSED_FUNCTION = YES;
				GCC_WARN_UNUSED_VARIABLE = YES;
				IPHONEOS_DEPLOYMENT_TARGET = 16.1;
				MTL_ENABLE_DEBUG_INFO = INCLUDE_SOURCE;
				MTL_FAST_MATH = YES;
				ONLY_ACTIVE_ARCH = YES;
				SDKROOT = iphoneos;
				SWIFT_ACTIVE_COMPILATION_CONDITIONS = DEBUG;
				SWIFT_OPTIMIZATION_LEVEL = "-Onone";
			};
			name = Debug;
		};
		981D40962937C50A00E2EE0A /* Release */ = {
			isa = XCBuildConfiguration;
			buildSettings = {
				ALWAYS_SEARCH_USER_PATHS = NO;
				CLANG_ANALYZER_NONNULL = YES;
				CLANG_ANALYZER_NUMBER_OBJECT_CONVERSION = YES_AGGRESSIVE;
				CLANG_CXX_LANGUAGE_STANDARD = "gnu++20";
				CLANG_ENABLE_MODULES = YES;
				CLANG_ENABLE_OBJC_ARC = YES;
				CLANG_ENABLE_OBJC_WEAK = YES;
				CLANG_WARN_BLOCK_CAPTURE_AUTORELEASING = YES;
				CLANG_WARN_BOOL_CONVERSION = YES;
				CLANG_WARN_COMMA = YES;
				CLANG_WARN_CONSTANT_CONVERSION = YES;
				CLANG_WARN_DEPRECATED_OBJC_IMPLEMENTATIONS = YES;
				CLANG_WARN_DIRECT_OBJC_ISA_USAGE = YES_ERROR;
				CLANG_WARN_DOCUMENTATION_COMMENTS = YES;
				CLANG_WARN_EMPTY_BODY = YES;
				CLANG_WARN_ENUM_CONVERSION = YES;
				CLANG_WARN_INFINITE_RECURSION = YES;
				CLANG_WARN_INT_CONVERSION = YES;
				CLANG_WARN_NON_LITERAL_NULL_CONVERSION = YES;
				CLANG_WARN_OBJC_IMPLICIT_RETAIN_SELF = YES;
				CLANG_WARN_OBJC_LITERAL_CONVERSION = YES;
				CLANG_WARN_OBJC_ROOT_CLASS = YES_ERROR;
				CLANG_WARN_QUOTED_INCLUDE_IN_FRAMEWORK_HEADER = YES;
				CLANG_WARN_RANGE_LOOP_ANALYSIS = YES;
				CLANG_WARN_STRICT_PROTOTYPES = YES;
				CLANG_WARN_SUSPICIOUS_MOVE = YES;
				CLANG_WARN_UNGUARDED_AVAILABILITY = YES_AGGRESSIVE;
				CLANG_WARN_UNREACHABLE_CODE = YES;
				CLANG_WARN__DUPLICATE_METHOD_MATCH = YES;
				COPY_PHASE_STRIP = NO;
				DEBUG_INFORMATION_FORMAT = "dwarf-with-dsym";
				ENABLE_NS_ASSERTIONS = NO;
				ENABLE_STRICT_OBJC_MSGSEND = YES;
				GCC_C_LANGUAGE_STANDARD = gnu11;
				GCC_NO_COMMON_BLOCKS = YES;
				GCC_WARN_64_TO_32_BIT_CONVERSION = YES;
				GCC_WARN_ABOUT_RETURN_TYPE = YES_ERROR;
				GCC_WARN_UNDECLARED_SELECTOR = YES;
				GCC_WARN_UNINITIALIZED_AUTOS = YES_AGGRESSIVE;
				GCC_WARN_UNUSED_FUNCTION = YES;
				GCC_WARN_UNUSED_VARIABLE = YES;
				IPHONEOS_DEPLOYMENT_TARGET = 16.1;
				MTL_ENABLE_DEBUG_INFO = NO;
				MTL_FAST_MATH = YES;
				SDKROOT = iphoneos;
				SWIFT_COMPILATION_MODE = wholemodule;
				SWIFT_OPTIMIZATION_LEVEL = "-O";
				VALIDATE_PRODUCT = YES;
			};
			name = Release;
		};
		981D40982937C50A00E2EE0A /* Debug */ = {
			isa = XCBuildConfiguration;
			buildSettings = {
				ASSETCATALOG_COMPILER_APPICON_NAME = AppIcon;
				ASSETCATALOG_COMPILER_GLOBAL_ACCENT_COLOR_NAME = AccentColor;
				CODE_SIGN_STYLE = Automatic;
				CURRENT_PROJECT_VERSION = 1;
				GENERATE_INFOPLIST_FILE = YES;
				INFOPLIST_FILE = Navigation/Info.plist;
				INFOPLIST_KEY_UIApplicationSupportsIndirectInputEvents = YES;
				INFOPLIST_KEY_UILaunchStoryboardName = LaunchScreen;
				INFOPLIST_KEY_UISupportedInterfaceOrientations_iPad = "UIInterfaceOrientationPortrait UIInterfaceOrientationPortraitUpsideDown UIInterfaceOrientationLandscapeLeft UIInterfaceOrientationLandscapeRight";
				INFOPLIST_KEY_UISupportedInterfaceOrientations_iPhone = "UIInterfaceOrientationPortrait UIInterfaceOrientationLandscapeLeft UIInterfaceOrientationLandscapeRight";
				LD_RUNPATH_SEARCH_PATHS = (
					"$(inherited)",
					"@executable_path/Frameworks",
				);
				MARKETING_VERSION = 1.0;
				PRODUCT_BUNDLE_IDENTIFIER = uckmhnds.Navigation;
				PRODUCT_NAME = "$(TARGET_NAME)";
				SWIFT_EMIT_LOC_STRINGS = YES;
				SWIFT_VERSION = 5.0;
				TARGETED_DEVICE_FAMILY = "1,2";
			};
			name = Debug;
		};
		981D40992937C50A00E2EE0A /* Release */ = {
			isa = XCBuildConfiguration;
			buildSettings = {
				ASSETCATALOG_COMPILER_APPICON_NAME = AppIcon;
				ASSETCATALOG_COMPILER_GLOBAL_ACCENT_COLOR_NAME = AccentColor;
				CODE_SIGN_STYLE = Automatic;
				CURRENT_PROJECT_VERSION = 1;
				GENERATE_INFOPLIST_FILE = YES;
				INFOPLIST_FILE = Navigation/Info.plist;
				INFOPLIST_KEY_UIApplicationSupportsIndirectInputEvents = YES;
				INFOPLIST_KEY_UILaunchStoryboardName = LaunchScreen;
				INFOPLIST_KEY_UISupportedInterfaceOrientations_iPad = "UIInterfaceOrientationPortrait UIInterfaceOrientationPortraitUpsideDown UIInterfaceOrientationLandscapeLeft UIInterfaceOrientationLandscapeRight";
				INFOPLIST_KEY_UISupportedInterfaceOrientations_iPhone = "UIInterfaceOrientationPortrait UIInterfaceOrientationLandscapeLeft UIInterfaceOrientationLandscapeRight";
				LD_RUNPATH_SEARCH_PATHS = (
					"$(inherited)",
					"@executable_path/Frameworks",
				);
				MARKETING_VERSION = 1.0;
				PRODUCT_BUNDLE_IDENTIFIER = uckmhnds.Navigation;
				PRODUCT_NAME = "$(TARGET_NAME)";
				SWIFT_EMIT_LOC_STRINGS = YES;
				SWIFT_VERSION = 5.0;
				TARGETED_DEVICE_FAMILY = "1,2";
			};
			name = Release;
		};
/* End XCBuildConfiguration section */

/* Begin XCConfigurationList section */
		981D407E2937C50900E2EE0A /* Build configuration list for PBXProject "Navigation" */ = {
			isa = XCConfigurationList;
			buildConfigurations = (
				981D40952937C50A00E2EE0A /* Debug */,
				981D40962937C50A00E2EE0A /* Release */,
			);
			defaultConfigurationIsVisible = 0;
			defaultConfigurationName = Release;
		};
		981D40972937C50A00E2EE0A /* Build configuration list for PBXNativeTarget "Navigation" */ = {
			isa = XCConfigurationList;
			buildConfigurations = (
				981D40982937C50A00E2EE0A /* Debug */,
				981D40992937C50A00E2EE0A /* Release */,
			);
			defaultConfigurationIsVisible = 0;
			defaultConfigurationName = Release;
		};
/* End XCConfigurationList section */
	};
	rootObject = 981D407B2937C50900E2EE0A /* Project object */;
}
