// !$*UTF8*$!
{
	archiveVersion = 1;
	classes = {
	};
	objectVersion = 56;
	objects = {

/* Begin PBXBuildFile section */
		98BB3A6028F7459700E022D2 /* AppDelegate.swift in Sources */ = {isa = PBXBuildFile; fileRef = 98BB3A5F28F7459700E022D2 /* AppDelegate.swift */; };
		98BB3A6228F7459700E022D2 /* SceneDelegate.swift in Sources */ = {isa = PBXBuildFile; fileRef = 98BB3A6128F7459700E022D2 /* SceneDelegate.swift */; };
		98BB3A6428F7459700E022D2 /* ViewController.swift in Sources */ = {isa = PBXBuildFile; fileRef = 98BB3A6328F7459700E022D2 /* ViewController.swift */; };
		98BB3A6928F7459800E022D2 /* Assets.xcassets in Resources */ = {isa = PBXBuildFile; fileRef = 98BB3A6828F7459800E022D2 /* Assets.xcassets */; };
		98BB3A6C28F7459800E022D2 /* LaunchScreen.storyboard in Resources */ = {isa = PBXBuildFile; fileRef = 98BB3A6A28F7459800E022D2 /* LaunchScreen.storyboard */; };
		98BB3A9028F7480F00E022D2 /* SheetViewController.swift in Sources */ = {isa = PBXBuildFile; fileRef = 98BB3A8F28F7480F00E022D2 /* SheetViewController.swift */; };
/* End PBXBuildFile section */

/* Begin PBXContainerItemProxy section */
		98BB3A7328F7459800E022D2 /* PBXContainerItemProxy */ = {
			isa = PBXContainerItemProxy;
			containerPortal = 98BB3A5428F7459700E022D2 /* Project object */;
			proxyType = 1;
			remoteGlobalIDString = 98BB3A5B28F7459700E022D2;
			remoteInfo = SheetPresentation;
		};
		98BB3A7D28F7459800E022D2 /* PBXContainerItemProxy */ = {
			isa = PBXContainerItemProxy;
			containerPortal = 98BB3A5428F7459700E022D2 /* Project object */;
			proxyType = 1;
			remoteGlobalIDString = 98BB3A5B28F7459700E022D2;
			remoteInfo = SheetPresentation;
		};
/* End PBXContainerItemProxy section */

/* Begin PBXFileReference section */
		98BB3A5C28F7459700E022D2 /* SheetPresentation.app */ = {isa = PBXFileReference; explicitFileType = wrapper.application; includeInIndex = 0; path = SheetPresentation.app; sourceTree = BUILT_PRODUCTS_DIR; };
		98BB3A5F28F7459700E022D2 /* AppDelegate.swift */ = {isa = PBXFileReference; lastKnownFileType = sourcecode.swift; path = AppDelegate.swift; sourceTree = "<group>"; };
		98BB3A6128F7459700E022D2 /* SceneDelegate.swift */ = {isa = PBXFileReference; lastKnownFileType = sourcecode.swift; path = SceneDelegate.swift; sourceTree = "<group>"; };
		98BB3A6328F7459700E022D2 /* ViewController.swift */ = {isa = PBXFileReference; lastKnownFileType = sourcecode.swift; path = ViewController.swift; sourceTree = "<group>"; };
		98BB3A6828F7459800E022D2 /* Assets.xcassets */ = {isa = PBXFileReference; lastKnownFileType = folder.assetcatalog; path = Assets.xcassets; sourceTree = "<group>"; };
		98BB3A6B28F7459800E022D2 /* Base */ = {isa = PBXFileReference; lastKnownFileType = file.storyboard; name = Base; path = Base.lproj/LaunchScreen.storyboard; sourceTree = "<group>"; };
		98BB3A6D28F7459800E022D2 /* Info.plist */ = {isa = PBXFileReference; lastKnownFileType = text.plist.xml; path = Info.plist; sourceTree = "<group>"; };
		98BB3A7228F7459800E022D2 /* SheetPresentationTests.xctest */ = {isa = PBXFileReference; explicitFileType = wrapper.cfbundle; includeInIndex = 0; path = SheetPresentationTests.xctest; sourceTree = BUILT_PRODUCTS_DIR; };
		98BB3A7C28F7459800E022D2 /* SheetPresentationUITests.xctest */ = {isa = PBXFileReference; explicitFileType = wrapper.cfbundle; includeInIndex = 0; path = SheetPresentationUITests.xctest; sourceTree = BUILT_PRODUCTS_DIR; };
		98BB3A8F28F7480F00E022D2 /* SheetViewController.swift */ = {isa = PBXFileReference; lastKnownFileType = sourcecode.swift; path = SheetViewController.swift; sourceTree = "<group>"; };
/* End PBXFileReference section */

/* Begin PBXFrameworksBuildPhase section */
		98BB3A5928F7459700E022D2 /* Frameworks */ = {
			isa = PBXFrameworksBuildPhase;
			buildActionMask = 2147483647;
			files = (
			);
			runOnlyForDeploymentPostprocessing = 0;
		};
		98BB3A6F28F7459800E022D2 /* Frameworks */ = {
			isa = PBXFrameworksBuildPhase;
			buildActionMask = 2147483647;
			files = (
			);
			runOnlyForDeploymentPostprocessing = 0;
		};
		98BB3A7928F7459800E022D2 /* Frameworks */ = {
			isa = PBXFrameworksBuildPhase;
			buildActionMask = 2147483647;
			files = (
			);
			runOnlyForDeploymentPostprocessing = 0;
		};
/* End PBXFrameworksBuildPhase section */

/* Begin PBXGroup section */
		98BB3A5328F7459700E022D2 = {
			isa = PBXGroup;
			children = (
				98BB3A5E28F7459700E022D2 /* SheetPresentation */,
				98BB3A5D28F7459700E022D2 /* Products */,
			);
			sourceTree = "<group>";
		};
		98BB3A5D28F7459700E022D2 /* Products */ = {
			isa = PBXGroup;
			children = (
				98BB3A5C28F7459700E022D2 /* SheetPresentation.app */,
				98BB3A7228F7459800E022D2 /* SheetPresentationTests.xctest */,
				98BB3A7C28F7459800E022D2 /* SheetPresentationUITests.xctest */,
			);
			name = Products;
			sourceTree = "<group>";
		};
		98BB3A5E28F7459700E022D2 /* SheetPresentation */ = {
			isa = PBXGroup;
			children = (
				98BB3A5F28F7459700E022D2 /* AppDelegate.swift */,
				98BB3A6128F7459700E022D2 /* SceneDelegate.swift */,
				98BB3A6328F7459700E022D2 /* ViewController.swift */,
				98BB3A8F28F7480F00E022D2 /* SheetViewController.swift */,
				98BB3A6828F7459800E022D2 /* Assets.xcassets */,
				98BB3A6A28F7459800E022D2 /* LaunchScreen.storyboard */,
				98BB3A6D28F7459800E022D2 /* Info.plist */,
			);
			path = SheetPresentation;
			sourceTree = "<group>";
		};
/* End PBXGroup section */

/* Begin PBXNativeTarget section */
		98BB3A5B28F7459700E022D2 /* SheetPresentation */ = {
			isa = PBXNativeTarget;
			buildConfigurationList = 98BB3A8628F7459800E022D2 /* Build configuration list for PBXNativeTarget "SheetPresentation" */;
			buildPhases = (
				98BB3A5828F7459700E022D2 /* Sources */,
				98BB3A5928F7459700E022D2 /* Frameworks */,
				98BB3A5A28F7459700E022D2 /* Resources */,
			);
			buildRules = (
			);
			dependencies = (
			);
			name = SheetPresentation;
			productName = SheetPresentation;
			productReference = 98BB3A5C28F7459700E022D2 /* SheetPresentation.app */;
			productType = "com.apple.product-type.application";
		};
		98BB3A7128F7459800E022D2 /* SheetPresentationTests */ = {
			isa = PBXNativeTarget;
			buildConfigurationList = 98BB3A8928F7459800E022D2 /* Build configuration list for PBXNativeTarget "SheetPresentationTests" */;
			buildPhases = (
				98BB3A6E28F7459800E022D2 /* Sources */,
				98BB3A6F28F7459800E022D2 /* Frameworks */,
				98BB3A7028F7459800E022D2 /* Resources */,
			);
			buildRules = (
			);
			dependencies = (
				98BB3A7428F7459800E022D2 /* PBXTargetDependency */,
			);
			name = SheetPresentationTests;
			productName = SheetPresentationTests;
			productReference = 98BB3A7228F7459800E022D2 /* SheetPresentationTests.xctest */;
			productType = "com.apple.product-type.bundle.unit-test";
		};
		98BB3A7B28F7459800E022D2 /* SheetPresentationUITests */ = {
			isa = PBXNativeTarget;
			buildConfigurationList = 98BB3A8C28F7459800E022D2 /* Build configuration list for PBXNativeTarget "SheetPresentationUITests" */;
			buildPhases = (
				98BB3A7828F7459800E022D2 /* Sources */,
				98BB3A7928F7459800E022D2 /* Frameworks */,
				98BB3A7A28F7459800E022D2 /* Resources */,
			);
			buildRules = (
			);
			dependencies = (
				98BB3A7E28F7459800E022D2 /* PBXTargetDependency */,
			);
			name = SheetPresentationUITests;
			productName = SheetPresentationUITests;
			productReference = 98BB3A7C28F7459800E022D2 /* SheetPresentationUITests.xctest */;
			productType = "com.apple.product-type.bundle.ui-testing";
		};
/* End PBXNativeTarget section */

/* Begin PBXProject section */
		98BB3A5428F7459700E022D2 /* Project object */ = {
			isa = PBXProject;
			attributes = {
				BuildIndependentTargetsInParallel = 1;
				LastSwiftUpdateCheck = 1400;
				LastUpgradeCheck = 1400;
				TargetAttributes = {
					98BB3A5B28F7459700E022D2 = {
						CreatedOnToolsVersion = 14.0.1;
					};
					98BB3A7128F7459800E022D2 = {
						CreatedOnToolsVersion = 14.0.1;
						TestTargetID = 98BB3A5B28F7459700E022D2;
					};
					98BB3A7B28F7459800E022D2 = {
						CreatedOnToolsVersion = 14.0.1;
						TestTargetID = 98BB3A5B28F7459700E022D2;
					};
				};
			};
			buildConfigurationList = 98BB3A5728F7459700E022D2 /* Build configuration list for PBXProject "SheetPresentation" */;
			compatibilityVersion = "Xcode 14.0";
			developmentRegion = en;
			hasScannedForEncodings = 0;
			knownRegions = (
				en,
				Base,
			);
			mainGroup = 98BB3A5328F7459700E022D2;
			productRefGroup = 98BB3A5D28F7459700E022D2 /* Products */;
			projectDirPath = "";
			projectRoot = "";
			targets = (
				98BB3A5B28F7459700E022D2 /* SheetPresentation */,
				98BB3A7128F7459800E022D2 /* SheetPresentationTests */,
				98BB3A7B28F7459800E022D2 /* SheetPresentationUITests */,
			);
		};
/* End PBXProject section */

/* Begin PBXResourcesBuildPhase section */
		98BB3A5A28F7459700E022D2 /* Resources */ = {
			isa = PBXResourcesBuildPhase;
			buildActionMask = 2147483647;
			files = (
				98BB3A6C28F7459800E022D2 /* LaunchScreen.storyboard in Resources */,
				98BB3A6928F7459800E022D2 /* Assets.xcassets in Resources */,
			);
			runOnlyForDeploymentPostprocessing = 0;
		};
		98BB3A7028F7459800E022D2 /* Resources */ = {
			isa = PBXResourcesBuildPhase;
			buildActionMask = 2147483647;
			files = (
			);
			runOnlyForDeploymentPostprocessing = 0;
		};
		98BB3A7A28F7459800E022D2 /* Resources */ = {
			isa = PBXResourcesBuildPhase;
			buildActionMask = 2147483647;
			files = (
			);
			runOnlyForDeploymentPostprocessing = 0;
		};
/* End PBXResourcesBuildPhase section */

/* Begin PBXSourcesBuildPhase section */
		98BB3A5828F7459700E022D2 /* Sources */ = {
			isa = PBXSourcesBuildPhase;
			buildActionMask = 2147483647;
			files = (
				98BB3A6428F7459700E022D2 /* ViewController.swift in Sources */,
				98BB3A6028F7459700E022D2 /* AppDelegate.swift in Sources */,
				98BB3A6228F7459700E022D2 /* SceneDelegate.swift in Sources */,
				98BB3A9028F7480F00E022D2 /* SheetViewController.swift in Sources */,
			);
			runOnlyForDeploymentPostprocessing = 0;
		};
		98BB3A6E28F7459800E022D2 /* Sources */ = {
			isa = PBXSourcesBuildPhase;
			buildActionMask = 2147483647;
			files = (
			);
			runOnlyForDeploymentPostprocessing = 0;
		};
		98BB3A7828F7459800E022D2 /* Sources */ = {
			isa = PBXSourcesBuildPhase;
			buildActionMask = 2147483647;
			files = (
			);
			runOnlyForDeploymentPostprocessing = 0;
		};
/* End PBXSourcesBuildPhase section */

/* Begin PBXTargetDependency section */
		98BB3A7428F7459800E022D2 /* PBXTargetDependency */ = {
			isa = PBXTargetDependency;
			target = 98BB3A5B28F7459700E022D2 /* SheetPresentation */;
			targetProxy = 98BB3A7328F7459800E022D2 /* PBXContainerItemProxy */;
		};
		98BB3A7E28F7459800E022D2 /* PBXTargetDependency */ = {
			isa = PBXTargetDependency;
			target = 98BB3A5B28F7459700E022D2 /* SheetPresentation */;
			targetProxy = 98BB3A7D28F7459800E022D2 /* PBXContainerItemProxy */;
		};
/* End PBXTargetDependency section */

/* Begin PBXVariantGroup section */
		98BB3A6A28F7459800E022D2 /* LaunchScreen.storyboard */ = {
			isa = PBXVariantGroup;
			children = (
				98BB3A6B28F7459800E022D2 /* Base */,
			);
			name = LaunchScreen.storyboard;
			sourceTree = "<group>";
		};
/* End PBXVariantGroup section */

/* Begin XCBuildConfiguration section */
		98BB3A8428F7459800E022D2 /* Debug */ = {
			isa = XCBuildConfiguration;
			buildSettings = {
				ALWAYS_SEARCH_USER_PATHS = NO;
				CLANG_ANALYZER_NONNULL = YES;
				CLANG_ANALYZER_NUMBER_OBJECT_CONVERSION = YES_AGGRESSIVE;
				CLANG_CXX_LANGUAGE_STANDARD = "gnu++20";
				CLANG_ENABLE_MODULES = YES;
				CLANG_ENABLE_OBJC_ARC = YES;
				CLANG_ENABLE_OBJC_WEAK = YES;
				CLANG_WARN_BLOCK_CAPTURE_AUTORELEASING = YES;
				CLANG_WARN_BOOL_CONVERSION = YES;
				CLANG_WARN_COMMA = YES;
				CLANG_WARN_CONSTANT_CONVERSION = YES;
				CLANG_WARN_DEPRECATED_OBJC_IMPLEMENTATIONS = YES;
				CLANG_WARN_DIRECT_OBJC_ISA_USAGE = YES_ERROR;
				CLANG_WARN_DOCUMENTATION_COMMENTS = YES;
				CLANG_WARN_EMPTY_BODY = YES;
				CLANG_WARN_ENUM_CONVERSION = YES;
				CLANG_WARN_INFINITE_RECURSION = YES;
				CLANG_WARN_INT_CONVERSION = YES;
				CLANG_WARN_NON_LITERAL_NULL_CONVERSION = YES;
				CLANG_WARN_OBJC_IMPLICIT_RETAIN_SELF = YES;
				CLANG_WARN_OBJC_LITERAL_CONVERSION = YES;
				CLANG_WARN_OBJC_ROOT_CLASS = YES_ERROR;
				CLANG_WARN_QUOTED_INCLUDE_IN_FRAMEWORK_HEADER = YES;
				CLANG_WARN_RANGE_LOOP_ANALYSIS = YES;
				CLANG_WARN_STRICT_PROTOTYPES = YES;
				CLANG_WARN_SUSPICIOUS_MOVE = YES;
				CLANG_WARN_UNGUARDED_AVAILABILITY = YES_AGGRESSIVE;
				CLANG_WARN_UNREACHABLE_CODE = YES;
				CLANG_WARN__DUPLICATE_METHOD_MATCH = YES;
				COPY_PHASE_STRIP = NO;
				DEBUG_INFORMATION_FORMAT = dwarf;
				ENABLE_STRICT_OBJC_MSGSEND = YES;
				ENABLE_TESTABILITY = YES;
				GCC_C_LANGUAGE_STANDARD = gnu11;
				GCC_DYNAMIC_NO_PIC = NO;
				GCC_NO_COMMON_BLOCKS = YES;
				GCC_OPTIMIZATION_LEVEL = 0;
				GCC_PREPROCESSOR_DEFINITIONS = (
					"DEBUG=1",
					"$(inherited)",
				);
				GCC_WARN_64_TO_32_BIT_CONVERSION = YES;
				GCC_WARN_ABOUT_RETURN_TYPE = YES_ERROR;
				GCC_WARN_UNDECLARED_SELECTOR = YES;
				GCC_WARN_UNINITIALIZED_AUTOS = YES_AGGRESSIVE;
				GCC_WARN_UNUSED_FUNCTION = YES;
				GCC_WARN_UNUSED_VARIABLE = YES;
				IPHONEOS_DEPLOYMENT_TARGET = 16.0;
				MTL_ENABLE_DEBUG_INFO = INCLUDE_SOURCE;
				MTL_FAST_MATH = YES;
				ONLY_ACTIVE_ARCH = YES;
				SDKROOT = iphoneos;
				SWIFT_ACTIVE_COMPILATION_CONDITIONS = DEBUG;
				SWIFT_OPTIMIZATION_LEVEL = "-Onone";
			};
			name = Debug;
		};
		98BB3A8528F7459800E022D2 /* Release */ = {
			isa = XCBuildConfiguration;
			buildSettings = {
				ALWAYS_SEARCH_USER_PATHS = NO;
				CLANG_ANALYZER_NONNULL = YES;
				CLANG_ANALYZER_NUMBER_OBJECT_CONVERSION = YES_AGGRESSIVE;
				CLANG_CXX_LANGUAGE_STANDARD = "gnu++20";
				CLANG_ENABLE_MODULES = YES;
				CLANG_ENABLE_OBJC_ARC = YES;
				CLANG_ENABLE_OBJC_WEAK = YES;
				CLANG_WARN_BLOCK_CAPTURE_AUTORELEASING = YES;
				CLANG_WARN_BOOL_CONVERSION = YES;
				CLANG_WARN_COMMA = YES;
				CLANG_WARN_CONSTANT_CONVERSION = YES;
				CLANG_WARN_DEPRECATED_OBJC_IMPLEMENTATIONS = YES;
				CLANG_WARN_DIRECT_OBJC_ISA_USAGE = YES_ERROR;
				CLANG_WARN_DOCUMENTATION_COMMENTS = YES;
				CLANG_WARN_EMPTY_BODY = YES;
				CLANG_WARN_ENUM_CONVERSION = YES;
				CLANG_WARN_INFINITE_RECURSION = YES;
				CLANG_WARN_INT_CONVERSION = YES;
				CLANG_WARN_NON_LITERAL_NULL_CONVERSION = YES;
				CLANG_WARN_OBJC_IMPLICIT_RETAIN_SELF = YES;
				CLANG_WARN_OBJC_LITERAL_CONVERSION = YES;
				CLANG_WARN_OBJC_ROOT_CLASS = YES_ERROR;
				CLANG_WARN_QUOTED_INCLUDE_IN_FRAMEWORK_HEADER = YES;
				CLANG_WARN_RANGE_LOOP_ANALYSIS = YES;
				CLANG_WARN_STRICT_PROTOTYPES = YES;
				CLANG_WARN_SUSPICIOUS_MOVE = YES;
				CLANG_WARN_UNGUARDED_AVAILABILITY = YES_AGGRESSIVE;
				CLANG_WARN_UNREACHABLE_CODE = YES;
				CLANG_WARN__DUPLICATE_METHOD_MATCH = YES;
				COPY_PHASE_STRIP = NO;
				DEBUG_INFORMATION_FORMAT = "dwarf-with-dsym";
				ENABLE_NS_ASSERTIONS = NO;
				ENABLE_STRICT_OBJC_MSGSEND = YES;
				GCC_C_LANGUAGE_STANDARD = gnu11;
				GCC_NO_COMMON_BLOCKS = YES;
				GCC_WARN_64_TO_32_BIT_CONVERSION = YES;
				GCC_WARN_ABOUT_RETURN_TYPE = YES_ERROR;
				GCC_WARN_UNDECLARED_SELECTOR = YES;
				GCC_WARN_UNINITIALIZED_AUTOS = YES_AGGRESSIVE;
				GCC_WARN_UNUSED_FUNCTION = YES;
				GCC_WARN_UNUSED_VARIABLE = YES;
				IPHONEOS_DEPLOYMENT_TARGET = 16.0;
				MTL_ENABLE_DEBUG_INFO = NO;
				MTL_FAST_MATH = YES;
				SDKROOT = iphoneos;
				SWIFT_COMPILATION_MODE = wholemodule;
				SWIFT_OPTIMIZATION_LEVEL = "-O";
				VALIDATE_PRODUCT = YES;
			};
			name = Release;
		};
		98BB3A8728F7459800E022D2 /* Debug */ = {
			isa = XCBuildConfiguration;
			buildSettings = {
				ASSETCATALOG_COMPILER_APPICON_NAME = AppIcon;
				ASSETCATALOG_COMPILER_GLOBAL_ACCENT_COLOR_NAME = AccentColor;
				CODE_SIGN_STYLE = Automatic;
				CURRENT_PROJECT_VERSION = 1;
				GENERATE_INFOPLIST_FILE = YES;
				INFOPLIST_FILE = SheetPresentation/Info.plist;
				INFOPLIST_KEY_UIApplicationSupportsIndirectInputEvents = YES;
				INFOPLIST_KEY_UILaunchStoryboardName = LaunchScreen;
				INFOPLIST_KEY_UISupportedInterfaceOrientations_iPad = "UIInterfaceOrientationPortrait UIInterfaceOrientationPortraitUpsideDown UIInterfaceOrientationLandscapeLeft UIInterfaceOrientationLandscapeRight";
				INFOPLIST_KEY_UISupportedInterfaceOrientations_iPhone = "UIInterfaceOrientationPortrait UIInterfaceOrientationLandscapeLeft UIInterfaceOrientationLandscapeRight";
				LD_RUNPATH_SEARCH_PATHS = (
					"$(inherited)",
					"@executable_path/Frameworks",
				);
				MARKETING_VERSION = 1.0;
				PRODUCT_BUNDLE_IDENTIFIER = uckmhnds.SheetPresentation;
				PRODUCT_NAME = "$(TARGET_NAME)";
				SWIFT_EMIT_LOC_STRINGS = YES;
				SWIFT_VERSION = 5.0;
				TARGETED_DEVICE_FAMILY = "1,2";
			};
			name = Debug;
		};
		98BB3A8828F7459800E022D2 /* Release */ = {
			isa = XCBuildConfiguration;
			buildSettings = {
				ASSETCATALOG_COMPILER_APPICON_NAME = AppIcon;
				ASSETCATALOG_COMPILER_GLOBAL_ACCENT_COLOR_NAME = AccentColor;
				CODE_SIGN_STYLE = Automatic;
				CURRENT_PROJECT_VERSION = 1;
				GENERATE_INFOPLIST_FILE = YES;
				INFOPLIST_FILE = SheetPresentation/Info.plist;
				INFOPLIST_KEY_UIApplicationSupportsIndirectInputEvents = YES;
				INFOPLIST_KEY_UILaunchStoryboardName = LaunchScreen;
				INFOPLIST_KEY_UISupportedInterfaceOrientations_iPad = "UIInterfaceOrientationPortrait UIInterfaceOrientationPortraitUpsideDown UIInterfaceOrientationLandscapeLeft UIInterfaceOrientationLandscapeRight";
				INFOPLIST_KEY_UISupportedInterfaceOrientations_iPhone = "UIInterfaceOrientationPortrait UIInterfaceOrientationLandscapeLeft UIInterfaceOrientationLandscapeRight";
				LD_RUNPATH_SEARCH_PATHS = (
					"$(inherited)",
					"@executable_path/Frameworks",
				);
				MARKETING_VERSION = 1.0;
				PRODUCT_BUNDLE_IDENTIFIER = uckmhnds.SheetPresentation;
				PRODUCT_NAME = "$(TARGET_NAME)";
				SWIFT_EMIT_LOC_STRINGS = YES;
				SWIFT_VERSION = 5.0;
				TARGETED_DEVICE_FAMILY = "1,2";
			};
			name = Release;
		};
		98BB3A8A28F7459800E022D2 /* Debug */ = {
			isa = XCBuildConfiguration;
			buildSettings = {
				ALWAYS_EMBED_SWIFT_STANDARD_LIBRARIES = YES;
				BUNDLE_LOADER = "$(TEST_HOST)";
				CODE_SIGN_STYLE = Automatic;
				CURRENT_PROJECT_VERSION = 1;
				GENERATE_INFOPLIST_FILE = YES;
				IPHONEOS_DEPLOYMENT_TARGET = 16.0;
				MARKETING_VERSION = 1.0;
				PRODUCT_BUNDLE_IDENTIFIER = uckmhnds.SheetPresentationTests;
				PRODUCT_NAME = "$(TARGET_NAME)";
				SWIFT_EMIT_LOC_STRINGS = NO;
				SWIFT_VERSION = 5.0;
				TARGETED_DEVICE_FAMILY = "1,2";
				TEST_HOST = "$(BUILT_PRODUCTS_DIR)/SheetPresentation.app/$(BUNDLE_EXECUTABLE_FOLDER_PATH)/SheetPresentation";
			};
			name = Debug;
		};
		98BB3A8B28F7459800E022D2 /* Release */ = {
			isa = XCBuildConfiguration;
			buildSettings = {
				ALWAYS_EMBED_SWIFT_STANDARD_LIBRARIES = YES;
				BUNDLE_LOADER = "$(TEST_HOST)";
				CODE_SIGN_STYLE = Automatic;
				CURRENT_PROJECT_VERSION = 1;
				GENERATE_INFOPLIST_FILE = YES;
				IPHONEOS_DEPLOYMENT_TARGET = 16.0;
				MARKETING_VERSION = 1.0;
				PRODUCT_BUNDLE_IDENTIFIER = uckmhnds.SheetPresentationTests;
				PRODUCT_NAME = "$(TARGET_NAME)";
				SWIFT_EMIT_LOC_STRINGS = NO;
				SWIFT_VERSION = 5.0;
				TARGETED_DEVICE_FAMILY = "1,2";
				TEST_HOST = "$(BUILT_PRODUCTS_DIR)/SheetPresentation.app/$(BUNDLE_EXECUTABLE_FOLDER_PATH)/SheetPresentation";
			};
			name = Release;
		};
		98BB3A8D28F7459800E022D2 /* Debug */ = {
			isa = XCBuildConfiguration;
			buildSettings = {
				ALWAYS_EMBED_SWIFT_STANDARD_LIBRARIES = YES;
				CODE_SIGN_STYLE = Automatic;
				CURRENT_PROJECT_VERSION = 1;
				GENERATE_INFOPLIST_FILE = YES;
				MARKETING_VERSION = 1.0;
				PRODUCT_BUNDLE_IDENTIFIER = uckmhnds.SheetPresentationUITests;
				PRODUCT_NAME = "$(TARGET_NAME)";
				SWIFT_EMIT_LOC_STRINGS = NO;
				SWIFT_VERSION = 5.0;
				TARGETED_DEVICE_FAMILY = "1,2";
				TEST_TARGET_NAME = SheetPresentation;
			};
			name = Debug;
		};
		98BB3A8E28F7459800E022D2 /* Release */ = {
			isa = XCBuildConfiguration;
			buildSettings = {
				ALWAYS_EMBED_SWIFT_STANDARD_LIBRARIES = YES;
				CODE_SIGN_STYLE = Automatic;
				CURRENT_PROJECT_VERSION = 1;
				GENERATE_INFOPLIST_FILE = YES;
				MARKETING_VERSION = 1.0;
				PRODUCT_BUNDLE_IDENTIFIER = uckmhnds.SheetPresentationUITests;
				PRODUCT_NAME = "$(TARGET_NAME)";
				SWIFT_EMIT_LOC_STRINGS = NO;
				SWIFT_VERSION = 5.0;
				TARGETED_DEVICE_FAMILY = "1,2";
				TEST_TARGET_NAME = SheetPresentation;
			};
			name = Release;
		};
/* End XCBuildConfiguration section */

/* Begin XCConfigurationList section */
		98BB3A5728F7459700E022D2 /* Build configuration list for PBXProject "SheetPresentation" */ = {
			isa = XCConfigurationList;
			buildConfigurations = (
				98BB3A8428F7459800E022D2 /* Debug */,
				98BB3A8528F7459800E022D2 /* Release */,
			);
			defaultConfigurationIsVisible = 0;
			defaultConfigurationName = Release;
		};
		98BB3A8628F7459800E022D2 /* Build configuration list for PBXNativeTarget "SheetPresentation" */ = {
			isa = XCConfigurationList;
			buildConfigurations = (
				98BB3A8728F7459800E022D2 /* Debug */,
				98BB3A8828F7459800E022D2 /* Release */,
			);
			defaultConfigurationIsVisible = 0;
			defaultConfigurationName = Release;
		};
		98BB3A8928F7459800E022D2 /* Build configuration list for PBXNativeTarget "SheetPresentationTests" */ = {
			isa = XCConfigurationList;
			buildConfigurations = (
				98BB3A8A28F7459800E022D2 /* Debug */,
				98BB3A8B28F7459800E022D2 /* Release */,
			);
			defaultConfigurationIsVisible = 0;
			defaultConfigurationName = Release;
		};
		98BB3A8C28F7459800E022D2 /* Build configuration list for PBXNativeTarget "SheetPresentationUITests" */ = {
			isa = XCConfigurationList;
			buildConfigurations = (
				98BB3A8D28F7459800E022D2 /* Debug */,
				98BB3A8E28F7459800E022D2 /* Release */,
			);
			defaultConfigurationIsVisible = 0;
			defaultConfigurationName = Release;
		};
/* End XCConfigurationList section */
	};
	rootObject = 98BB3A5428F7459700E022D2 /* Project object */;
}
