// !$*UTF8*$!
{
	archiveVersion = 1;
	classes = {
	};
	objectVersion = 56;
	objects = {

/* Begin PBXBuildFile section */
		9877A00428F1975000BA9BB2 /* CompositionalLayout.swift in Sources */ = {isa = PBXBuildFile; fileRef = 9877A00328F1975000BA9BB2 /* CompositionalLayout.swift */; };
		9877A00C28F1CEB100BA9BB2 /* ViewController.swift in Sources */ = {isa = PBXBuildFile; fileRef = 9877A00B28F1CEB100BA9BB2 /* ViewController.swift */; };
		9877A00E28F1CF6B00BA9BB2 /* SecondCollectionViewCell.swift in Sources */ = {isa = PBXBuildFile; fileRef = 9877A00D28F1CF6B00BA9BB2 /* SecondCollectionViewCell.swift */; };
		9877A01028F1CF8900BA9BB2 /* ThirdCollectionViewCell.swift in Sources */ = {isa = PBXBuildFile; fileRef = 9877A00F28F1CF8900BA9BB2 /* ThirdCollectionViewCell.swift */; };
		988CE84528F20C0200366C9E /* FourthCollectionViewCell.swift in Sources */ = {isa = PBXBuildFile; fileRef = 988CE84428F20C0100366C9E /* FourthCollectionViewCell.swift */; };
		988CE84728F20EC000366C9E /* FifthCollectionViewCell.swift in Sources */ = {isa = PBXBuildFile; fileRef = 988CE84628F20EC000366C9E /* FifthCollectionViewCell.swift */; };
		98D9C65628F18B7200094444 /* AppDelegate.swift in Sources */ = {isa = PBXBuildFile; fileRef = 98D9C65528F18B7200094444 /* AppDelegate.swift */; };
		98D9C65828F18B7200094444 /* SceneDelegate.swift in Sources */ = {isa = PBXBuildFile; fileRef = 98D9C65728F18B7200094444 /* SceneDelegate.swift */; };
		98D9C65F28F18B7300094444 /* Assets.xcassets in Resources */ = {isa = PBXBuildFile; fileRef = 98D9C65E28F18B7300094444 /* Assets.xcassets */; };
		98D9C66228F18B7300094444 /* LaunchScreen.storyboard in Resources */ = {isa = PBXBuildFile; fileRef = 98D9C66028F18B7300094444 /* LaunchScreen.storyboard */; };
		98D9C68628F18C0300094444 /* FirstCollectionViewCell.swift in Sources */ = {isa = PBXBuildFile; fileRef = 98D9C68528F18C0300094444 /* FirstCollectionViewCell.swift */; };
/* End PBXBuildFile section */

/* Begin PBXContainerItemProxy section */
		98D9C66928F18B7300094444 /* PBXContainerItemProxy */ = {
			isa = PBXContainerItemProxy;
			containerPortal = 98D9C64A28F18B7200094444 /* Project object */;
			proxyType = 1;
			remoteGlobalIDString = 98D9C65128F18B7200094444;
			remoteInfo = CompositionalLayout;
		};
		98D9C67328F18B7300094444 /* PBXContainerItemProxy */ = {
			isa = PBXContainerItemProxy;
			containerPortal = 98D9C64A28F18B7200094444 /* Project object */;
			proxyType = 1;
			remoteGlobalIDString = 98D9C65128F18B7200094444;
			remoteInfo = CompositionalLayout;
		};
/* End PBXContainerItemProxy section */

/* Begin PBXFileReference section */
		9877A00328F1975000BA9BB2 /* CompositionalLayout.swift */ = {isa = PBXFileReference; lastKnownFileType = sourcecode.swift; path = CompositionalLayout.swift; sourceTree = "<group>"; };
		9877A00B28F1CEB100BA9BB2 /* ViewController.swift */ = {isa = PBXFileReference; lastKnownFileType = sourcecode.swift; path = ViewController.swift; sourceTree = "<group>"; };
		9877A00D28F1CF6B00BA9BB2 /* SecondCollectionViewCell.swift */ = {isa = PBXFileReference; lastKnownFileType = sourcecode.swift; path = SecondCollectionViewCell.swift; sourceTree = "<group>"; };
		9877A00F28F1CF8900BA9BB2 /* ThirdCollectionViewCell.swift */ = {isa = PBXFileReference; lastKnownFileType = sourcecode.swift; path = ThirdCollectionViewCell.swift; sourceTree = "<group>"; };
		988CE84428F20C0100366C9E /* FourthCollectionViewCell.swift */ = {isa = PBXFileReference; lastKnownFileType = sourcecode.swift; path = FourthCollectionViewCell.swift; sourceTree = "<group>"; };
		988CE84628F20EC000366C9E /* FifthCollectionViewCell.swift */ = {isa = PBXFileReference; lastKnownFileType = sourcecode.swift; path = FifthCollectionViewCell.swift; sourceTree = "<group>"; };
		98D9C65228F18B7200094444 /* CompositionalLayout.app */ = {isa = PBXFileReference; explicitFileType = wrapper.application; includeInIndex = 0; path = CompositionalLayout.app; sourceTree = BUILT_PRODUCTS_DIR; };
		98D9C65528F18B7200094444 /* AppDelegate.swift */ = {isa = PBXFileReference; lastKnownFileType = sourcecode.swift; path = AppDelegate.swift; sourceTree = "<group>"; };
		98D9C65728F18B7200094444 /* SceneDelegate.swift */ = {isa = PBXFileReference; lastKnownFileType = sourcecode.swift; path = SceneDelegate.swift; sourceTree = "<group>"; };
		98D9C65E28F18B7300094444 /* Assets.xcassets */ = {isa = PBXFileReference; lastKnownFileType = folder.assetcatalog; path = Assets.xcassets; sourceTree = "<group>"; };
		98D9C66128F18B7300094444 /* Base */ = {isa = PBXFileReference; lastKnownFileType = file.storyboard; name = Base; path = Base.lproj/LaunchScreen.storyboard; sourceTree = "<group>"; };
		98D9C66328F18B7300094444 /* Info.plist */ = {isa = PBXFileReference; lastKnownFileType = text.plist.xml; path = Info.plist; sourceTree = "<group>"; };
		98D9C66828F18B7300094444 /* CompositionalLayoutTests.xctest */ = {isa = PBXFileReference; explicitFileType = wrapper.cfbundle; includeInIndex = 0; path = CompositionalLayoutTests.xctest; sourceTree = BUILT_PRODUCTS_DIR; };
		98D9C67228F18B7300094444 /* CompositionalLayoutUITests.xctest */ = {isa = PBXFileReference; explicitFileType = wrapper.cfbundle; includeInIndex = 0; path = CompositionalLayoutUITests.xctest; sourceTree = BUILT_PRODUCTS_DIR; };
		98D9C68528F18C0300094444 /* FirstCollectionViewCell.swift */ = {isa = PBXFileReference; lastKnownFileType = sourcecode.swift; path = FirstCollectionViewCell.swift; sourceTree = "<group>"; };
/* End PBXFileReference section */

/* Begin PBXFrameworksBuildPhase section */
		98D9C64F28F18B7200094444 /* Frameworks */ = {
			isa = PBXFrameworksBuildPhase;
			buildActionMask = 2147483647;
			files = (
			);
			runOnlyForDeploymentPostprocessing = 0;
		};
		98D9C66528F18B7300094444 /* Frameworks */ = {
			isa = PBXFrameworksBuildPhase;
			buildActionMask = 2147483647;
			files = (
			);
			runOnlyForDeploymentPostprocessing = 0;
		};
		98D9C66F28F18B7300094444 /* Frameworks */ = {
			isa = PBXFrameworksBuildPhase;
			buildActionMask = 2147483647;
			files = (
			);
			runOnlyForDeploymentPostprocessing = 0;
		};
/* End PBXFrameworksBuildPhase section */

/* Begin PBXGroup section */
		98D9C64928F18B7200094444 = {
			isa = PBXGroup;
			children = (
				98D9C65428F18B7200094444 /* CompositionalLayout */,
				98D9C65328F18B7200094444 /* Products */,
			);
			sourceTree = "<group>";
		};
		98D9C65328F18B7200094444 /* Products */ = {
			isa = PBXGroup;
			children = (
				98D9C65228F18B7200094444 /* CompositionalLayout.app */,
				98D9C66828F18B7300094444 /* CompositionalLayoutTests.xctest */,
				98D9C67228F18B7300094444 /* CompositionalLayoutUITests.xctest */,
			);
			name = Products;
			sourceTree = "<group>";
		};
		98D9C65428F18B7200094444 /* CompositionalLayout */ = {
			isa = PBXGroup;
			children = (
				98D9C65528F18B7200094444 /* AppDelegate.swift */,
				98D9C65728F18B7200094444 /* SceneDelegate.swift */,
				9877A00B28F1CEB100BA9BB2 /* ViewController.swift */,
				98D9C68528F18C0300094444 /* FirstCollectionViewCell.swift */,
				9877A00D28F1CF6B00BA9BB2 /* SecondCollectionViewCell.swift */,
				9877A00F28F1CF8900BA9BB2 /* ThirdCollectionViewCell.swift */,
				988CE84428F20C0100366C9E /* FourthCollectionViewCell.swift */,
				9877A00328F1975000BA9BB2 /* CompositionalLayout.swift */,
				98D9C65E28F18B7300094444 /* Assets.xcassets */,
				98D9C66028F18B7300094444 /* LaunchScreen.storyboard */,
				98D9C66328F18B7300094444 /* Info.plist */,
				988CE84628F20EC000366C9E /* FifthCollectionViewCell.swift */,
			);
			path = CompositionalLayout;
			sourceTree = "<group>";
		};
/* End PBXGroup section */

/* Begin PBXNativeTarget section */
		98D9C65128F18B7200094444 /* CompositionalLayout */ = {
			isa = PBXNativeTarget;
			buildConfigurationList = 98D9C67C28F18B7300094444 /* Build configuration list for PBXNativeTarget "CompositionalLayout" */;
			buildPhases = (
				98D9C64E28F18B7200094444 /* Sources */,
				98D9C64F28F18B7200094444 /* Frameworks */,
				98D9C65028F18B7200094444 /* Resources */,
			);
			buildRules = (
			);
			dependencies = (
			);
			name = CompositionalLayout;
			productName = CompositionalLayout;
			productReference = 98D9C65228F18B7200094444 /* CompositionalLayout.app */;
			productType = "com.apple.product-type.application";
		};
		98D9C66728F18B7300094444 /* CompositionalLayoutTests */ = {
			isa = PBXNativeTarget;
			buildConfigurationList = 98D9C67F28F18B7300094444 /* Build configuration list for PBXNativeTarget "CompositionalLayoutTests" */;
			buildPhases = (
				98D9C66428F18B7300094444 /* Sources */,
				98D9C66528F18B7300094444 /* Frameworks */,
				98D9C66628F18B7300094444 /* Resources */,
			);
			buildRules = (
			);
			dependencies = (
				98D9C66A28F18B7300094444 /* PBXTargetDependency */,
			);
			name = CompositionalLayoutTests;
			productName = CompositionalLayoutTests;
			productReference = 98D9C66828F18B7300094444 /* CompositionalLayoutTests.xctest */;
			productType = "com.apple.product-type.bundle.unit-test";
		};
		98D9C67128F18B7300094444 /* CompositionalLayoutUITests */ = {
			isa = PBXNativeTarget;
			buildConfigurationList = 98D9C68228F18B7300094444 /* Build configuration list for PBXNativeTarget "CompositionalLayoutUITests" */;
			buildPhases = (
				98D9C66E28F18B7300094444 /* Sources */,
				98D9C66F28F18B7300094444 /* Frameworks */,
				98D9C67028F18B7300094444 /* Resources */,
			);
			buildRules = (
			);
			dependencies = (
				98D9C67428F18B7300094444 /* PBXTargetDependency */,
			);
			name = CompositionalLayoutUITests;
			productName = CompositionalLayoutUITests;
			productReference = 98D9C67228F18B7300094444 /* CompositionalLayoutUITests.xctest */;
			productType = "com.apple.product-type.bundle.ui-testing";
		};
/* End PBXNativeTarget section */

/* Begin PBXProject section */
		98D9C64A28F18B7200094444 /* Project object */ = {
			isa = PBXProject;
			attributes = {
				BuildIndependentTargetsInParallel = 1;
				LastSwiftUpdateCheck = 1400;
				LastUpgradeCheck = 1400;
				TargetAttributes = {
					98D9C65128F18B7200094444 = {
						CreatedOnToolsVersion = 14.0.1;
					};
					98D9C66728F18B7300094444 = {
						CreatedOnToolsVersion = 14.0.1;
						TestTargetID = 98D9C65128F18B7200094444;
					};
					98D9C67128F18B7300094444 = {
						CreatedOnToolsVersion = 14.0.1;
						TestTargetID = 98D9C65128F18B7200094444;
					};
				};
			};
			buildConfigurationList = 98D9C64D28F18B7200094444 /* Build configuration list for PBXProject "CompositionalLayout" */;
			compatibilityVersion = "Xcode 14.0";
			developmentRegion = en;
			hasScannedForEncodings = 0;
			knownRegions = (
				en,
				Base,
			);
			mainGroup = 98D9C64928F18B7200094444;
			productRefGroup = 98D9C65328F18B7200094444 /* Products */;
			projectDirPath = "";
			projectRoot = "";
			targets = (
				98D9C65128F18B7200094444 /* CompositionalLayout */,
				98D9C66728F18B7300094444 /* CompositionalLayoutTests */,
				98D9C67128F18B7300094444 /* CompositionalLayoutUITests */,
			);
		};
/* End PBXProject section */

/* Begin PBXResourcesBuildPhase section */
		98D9C65028F18B7200094444 /* Resources */ = {
			isa = PBXResourcesBuildPhase;
			buildActionMask = 2147483647;
			files = (
				98D9C66228F18B7300094444 /* LaunchScreen.storyboard in Resources */,
				98D9C65F28F18B7300094444 /* Assets.xcassets in Resources */,
			);
			runOnlyForDeploymentPostprocessing = 0;
		};
		98D9C66628F18B7300094444 /* Resources */ = {
			isa = PBXResourcesBuildPhase;
			buildActionMask = 2147483647;
			files = (
			);
			runOnlyForDeploymentPostprocessing = 0;
		};
		98D9C67028F18B7300094444 /* Resources */ = {
			isa = PBXResourcesBuildPhase;
			buildActionMask = 2147483647;
			files = (
			);
			runOnlyForDeploymentPostprocessing = 0;
		};
/* End PBXResourcesBuildPhase section */

/* Begin PBXSourcesBuildPhase section */
		98D9C64E28F18B7200094444 /* Sources */ = {
			isa = PBXSourcesBuildPhase;
			buildActionMask = 2147483647;
			files = (
				98D9C65628F18B7200094444 /* AppDelegate.swift in Sources */,
				9877A01028F1CF8900BA9BB2 /* ThirdCollectionViewCell.swift in Sources */,
				98D9C68628F18C0300094444 /* FirstCollectionViewCell.swift in Sources */,
				988CE84728F20EC000366C9E /* FifthCollectionViewCell.swift in Sources */,
				98D9C65828F18B7200094444 /* SceneDelegate.swift in Sources */,
				9877A00E28F1CF6B00BA9BB2 /* SecondCollectionViewCell.swift in Sources */,
				9877A00C28F1CEB100BA9BB2 /* ViewController.swift in Sources */,
				988CE84528F20C0200366C9E /* FourthCollectionViewCell.swift in Sources */,
				9877A00428F1975000BA9BB2 /* CompositionalLayout.swift in Sources */,
			);
			runOnlyForDeploymentPostprocessing = 0;
		};
		98D9C66428F18B7300094444 /* Sources */ = {
			isa = PBXSourcesBuildPhase;
			buildActionMask = 2147483647;
			files = (
			);
			runOnlyForDeploymentPostprocessing = 0;
		};
		98D9C66E28F18B7300094444 /* Sources */ = {
			isa = PBXSourcesBuildPhase;
			buildActionMask = 2147483647;
			files = (
			);
			runOnlyForDeploymentPostprocessing = 0;
		};
/* End PBXSourcesBuildPhase section */

/* Begin PBXTargetDependency section */
		98D9C66A28F18B7300094444 /* PBXTargetDependency */ = {
			isa = PBXTargetDependency;
			target = 98D9C65128F18B7200094444 /* CompositionalLayout */;
			targetProxy = 98D9C66928F18B7300094444 /* PBXContainerItemProxy */;
		};
		98D9C67428F18B7300094444 /* PBXTargetDependency */ = {
			isa = PBXTargetDependency;
			target = 98D9C65128F18B7200094444 /* CompositionalLayout */;
			targetProxy = 98D9C67328F18B7300094444 /* PBXContainerItemProxy */;
		};
/* End PBXTargetDependency section */

/* Begin PBXVariantGroup section */
		98D9C66028F18B7300094444 /* LaunchScreen.storyboard */ = {
			isa = PBXVariantGroup;
			children = (
				98D9C66128F18B7300094444 /* Base */,
			);
			name = LaunchScreen.storyboard;
			sourceTree = "<group>";
		};
/* End PBXVariantGroup section */

/* Begin XCBuildConfiguration section */
		98D9C67A28F18B7300094444 /* Debug */ = {
			isa = XCBuildConfiguration;
			buildSettings = {
				ALWAYS_SEARCH_USER_PATHS = NO;
				CLANG_ANALYZER_NONNULL = YES;
				CLANG_ANALYZER_NUMBER_OBJECT_CONVERSION = YES_AGGRESSIVE;
				CLANG_CXX_LANGUAGE_STANDARD = "gnu++20";
				CLANG_ENABLE_MODULES = YES;
				CLANG_ENABLE_OBJC_ARC = YES;
				CLANG_ENABLE_OBJC_WEAK = YES;
				CLANG_WARN_BLOCK_CAPTURE_AUTORELEASING = YES;
				CLANG_WARN_BOOL_CONVERSION = YES;
				CLANG_WARN_COMMA = YES;
				CLANG_WARN_CONSTANT_CONVERSION = YES;
				CLANG_WARN_DEPRECATED_OBJC_IMPLEMENTATIONS = YES;
				CLANG_WARN_DIRECT_OBJC_ISA_USAGE = YES_ERROR;
				CLANG_WARN_DOCUMENTATION_COMMENTS = YES;
				CLANG_WARN_EMPTY_BODY = YES;
				CLANG_WARN_ENUM_CONVERSION = YES;
				CLANG_WARN_INFINITE_RECURSION = YES;
				CLANG_WARN_INT_CONVERSION = YES;
				CLANG_WARN_NON_LITERAL_NULL_CONVERSION = YES;
				CLANG_WARN_OBJC_IMPLICIT_RETAIN_SELF = YES;
				CLANG_WARN_OBJC_LITERAL_CONVERSION = YES;
				CLANG_WARN_OBJC_ROOT_CLASS = YES_ERROR;
				CLANG_WARN_QUOTED_INCLUDE_IN_FRAMEWORK_HEADER = YES;
				CLANG_WARN_RANGE_LOOP_ANALYSIS = YES;
				CLANG_WARN_STRICT_PROTOTYPES = YES;
				CLANG_WARN_SUSPICIOUS_MOVE = YES;
				CLANG_WARN_UNGUARDED_AVAILABILITY = YES_AGGRESSIVE;
				CLANG_WARN_UNREACHABLE_CODE = YES;
				CLANG_WARN__DUPLICATE_METHOD_MATCH = YES;
				COPY_PHASE_STRIP = NO;
				DEBUG_INFORMATION_FORMAT = dwarf;
				ENABLE_STRICT_OBJC_MSGSEND = YES;
				ENABLE_TESTABILITY = YES;
				GCC_C_LANGUAGE_STANDARD = gnu11;
				GCC_DYNAMIC_NO_PIC = NO;
				GCC_NO_COMMON_BLOCKS = YES;
				GCC_OPTIMIZATION_LEVEL = 0;
				GCC_PREPROCESSOR_DEFINITIONS = (
					"DEBUG=1",
					"$(inherited)",
				);
				GCC_WARN_64_TO_32_BIT_CONVERSION = YES;
				GCC_WARN_ABOUT_RETURN_TYPE = YES_ERROR;
				GCC_WARN_UNDECLARED_SELECTOR = YES;
				GCC_WARN_UNINITIALIZED_AUTOS = YES_AGGRESSIVE;
				GCC_WARN_UNUSED_FUNCTION = YES;
				GCC_WARN_UNUSED_VARIABLE = YES;
				IPHONEOS_DEPLOYMENT_TARGET = 16.0;
				MTL_ENABLE_DEBUG_INFO = INCLUDE_SOURCE;
				MTL_FAST_MATH = YES;
				ONLY_ACTIVE_ARCH = YES;
				SDKROOT = iphoneos;
				SWIFT_ACTIVE_COMPILATION_CONDITIONS = DEBUG;
				SWIFT_OPTIMIZATION_LEVEL = "-Onone";
			};
			name = Debug;
		};
		98D9C67B28F18B7300094444 /* Release */ = {
			isa = XCBuildConfiguration;
			buildSettings = {
				ALWAYS_SEARCH_USER_PATHS = NO;
				CLANG_ANALYZER_NONNULL = YES;
				CLANG_ANALYZER_NUMBER_OBJECT_CONVERSION = YES_AGGRESSIVE;
				CLANG_CXX_LANGUAGE_STANDARD = "gnu++20";
				CLANG_ENABLE_MODULES = YES;
				CLANG_ENABLE_OBJC_ARC = YES;
				CLANG_ENABLE_OBJC_WEAK = YES;
				CLANG_WARN_BLOCK_CAPTURE_AUTORELEASING = YES;
				CLANG_WARN_BOOL_CONVERSION = YES;
				CLANG_WARN_COMMA = YES;
				CLANG_WARN_CONSTANT_CONVERSION = YES;
				CLANG_WARN_DEPRECATED_OBJC_IMPLEMENTATIONS = YES;
				CLANG_WARN_DIRECT_OBJC_ISA_USAGE = YES_ERROR;
				CLANG_WARN_DOCUMENTATION_COMMENTS = YES;
				CLANG_WARN_EMPTY_BODY = YES;
				CLANG_WARN_ENUM_CONVERSION = YES;
				CLANG_WARN_INFINITE_RECURSION = YES;
				CLANG_WARN_INT_CONVERSION = YES;
				CLANG_WARN_NON_LITERAL_NULL_CONVERSION = YES;
				CLANG_WARN_OBJC_IMPLICIT_RETAIN_SELF = YES;
				CLANG_WARN_OBJC_LITERAL_CONVERSION = YES;
				CLANG_WARN_OBJC_ROOT_CLASS = YES_ERROR;
				CLANG_WARN_QUOTED_INCLUDE_IN_FRAMEWORK_HEADER = YES;
				CLANG_WARN_RANGE_LOOP_ANALYSIS = YES;
				CLANG_WARN_STRICT_PROTOTYPES = YES;
				CLANG_WARN_SUSPICIOUS_MOVE = YES;
				CLANG_WARN_UNGUARDED_AVAILABILITY = YES_AGGRESSIVE;
				CLANG_WARN_UNREACHABLE_CODE = YES;
				CLANG_WARN__DUPLICATE_METHOD_MATCH = YES;
				COPY_PHASE_STRIP = NO;
				DEBUG_INFORMATION_FORMAT = "dwarf-with-dsym";
				ENABLE_NS_ASSERTIONS = NO;
				ENABLE_STRICT_OBJC_MSGSEND = YES;
				GCC_C_LANGUAGE_STANDARD = gnu11;
				GCC_NO_COMMON_BLOCKS = YES;
				GCC_WARN_64_TO_32_BIT_CONVERSION = YES;
				GCC_WARN_ABOUT_RETURN_TYPE = YES_ERROR;
				GCC_WARN_UNDECLARED_SELECTOR = YES;
				GCC_WARN_UNINITIALIZED_AUTOS = YES_AGGRESSIVE;
				GCC_WARN_UNUSED_FUNCTION = YES;
				GCC_WARN_UNUSED_VARIABLE = YES;
				IPHONEOS_DEPLOYMENT_TARGET = 16.0;
				MTL_ENABLE_DEBUG_INFO = NO;
				MTL_FAST_MATH = YES;
				SDKROOT = iphoneos;
				SWIFT_COMPILATION_MODE = wholemodule;
				SWIFT_OPTIMIZATION_LEVEL = "-O";
				VALIDATE_PRODUCT = YES;
			};
			name = Release;
		};
		98D9C67D28F18B7300094444 /* Debug */ = {
			isa = XCBuildConfiguration;
			buildSettings = {
				ASSETCATALOG_COMPILER_APPICON_NAME = AppIcon;
				ASSETCATALOG_COMPILER_GLOBAL_ACCENT_COLOR_NAME = AccentColor;
				CODE_SIGN_STYLE = Automatic;
				CURRENT_PROJECT_VERSION = 1;
				GENERATE_INFOPLIST_FILE = YES;
				INFOPLIST_FILE = CompositionalLayout/Info.plist;
				INFOPLIST_KEY_UIApplicationSupportsIndirectInputEvents = YES;
				INFOPLIST_KEY_UILaunchStoryboardName = LaunchScreen;
				INFOPLIST_KEY_UISupportedInterfaceOrientations_iPad = "UIInterfaceOrientationPortrait UIInterfaceOrientationPortraitUpsideDown UIInterfaceOrientationLandscapeLeft UIInterfaceOrientationLandscapeRight";
				INFOPLIST_KEY_UISupportedInterfaceOrientations_iPhone = "UIInterfaceOrientationPortrait UIInterfaceOrientationLandscapeLeft UIInterfaceOrientationLandscapeRight";
				LD_RUNPATH_SEARCH_PATHS = (
					"$(inherited)",
					"@executable_path/Frameworks",
				);
				MARKETING_VERSION = 1.0;
				PRODUCT_BUNDLE_IDENTIFIER = uckmhnds.CompositionalLayout;
				PRODUCT_NAME = "$(TARGET_NAME)";
				SWIFT_EMIT_LOC_STRINGS = YES;
				SWIFT_VERSION = 5.0;
				TARGETED_DEVICE_FAMILY = "1,2";
			};
			name = Debug;
		};
		98D9C67E28F18B7300094444 /* Release */ = {
			isa = XCBuildConfiguration;
			buildSettings = {
				ASSETCATALOG_COMPILER_APPICON_NAME = AppIcon;
				ASSETCATALOG_COMPILER_GLOBAL_ACCENT_COLOR_NAME = AccentColor;
				CODE_SIGN_STYLE = Automatic;
				CURRENT_PROJECT_VERSION = 1;
				GENERATE_INFOPLIST_FILE = YES;
				INFOPLIST_FILE = CompositionalLayout/Info.plist;
				INFOPLIST_KEY_UIApplicationSupportsIndirectInputEvents = YES;
				INFOPLIST_KEY_UILaunchStoryboardName = LaunchScreen;
				INFOPLIST_KEY_UISupportedInterfaceOrientations_iPad = "UIInterfaceOrientationPortrait UIInterfaceOrientationPortraitUpsideDown UIInterfaceOrientationLandscapeLeft UIInterfaceOrientationLandscapeRight";
				INFOPLIST_KEY_UISupportedInterfaceOrientations_iPhone = "UIInterfaceOrientationPortrait UIInterfaceOrientationLandscapeLeft UIInterfaceOrientationLandscapeRight";
				LD_RUNPATH_SEARCH_PATHS = (
					"$(inherited)",
					"@executable_path/Frameworks",
				);
				MARKETING_VERSION = 1.0;
				PRODUCT_BUNDLE_IDENTIFIER = uckmhnds.CompositionalLayout;
				PRODUCT_NAME = "$(TARGET_NAME)";
				SWIFT_EMIT_LOC_STRINGS = YES;
				SWIFT_VERSION = 5.0;
				TARGETED_DEVICE_FAMILY = "1,2";
			};
			name = Release;
		};
		98D9C68028F18B7300094444 /* Debug */ = {
			isa = XCBuildConfiguration;
			buildSettings = {
				ALWAYS_EMBED_SWIFT_STANDARD_LIBRARIES = YES;
				BUNDLE_LOADER = "$(TEST_HOST)";
				CODE_SIGN_STYLE = Automatic;
				CURRENT_PROJECT_VERSION = 1;
				GENERATE_INFOPLIST_FILE = YES;
				IPHONEOS_DEPLOYMENT_TARGET = 16.0;
				MARKETING_VERSION = 1.0;
				PRODUCT_BUNDLE_IDENTIFIER = uckmhnds.CompositionalLayoutTests;
				PRODUCT_NAME = "$(TARGET_NAME)";
				SWIFT_EMIT_LOC_STRINGS = NO;
				SWIFT_VERSION = 5.0;
				TARGETED_DEVICE_FAMILY = "1,2";
				TEST_HOST = "$(BUILT_PRODUCTS_DIR)/CompositionalLayout.app/$(BUNDLE_EXECUTABLE_FOLDER_PATH)/CompositionalLayout";
			};
			name = Debug;
		};
		98D9C68128F18B7300094444 /* Release */ = {
			isa = XCBuildConfiguration;
			buildSettings = {
				ALWAYS_EMBED_SWIFT_STANDARD_LIBRARIES = YES;
				BUNDLE_LOADER = "$(TEST_HOST)";
				CODE_SIGN_STYLE = Automatic;
				CURRENT_PROJECT_VERSION = 1;
				GENERATE_INFOPLIST_FILE = YES;
				IPHONEOS_DEPLOYMENT_TARGET = 16.0;
				MARKETING_VERSION = 1.0;
				PRODUCT_BUNDLE_IDENTIFIER = uckmhnds.CompositionalLayoutTests;
				PRODUCT_NAME = "$(TARGET_NAME)";
				SWIFT_EMIT_LOC_STRINGS = NO;
				SWIFT_VERSION = 5.0;
				TARGETED_DEVICE_FAMILY = "1,2";
				TEST_HOST = "$(BUILT_PRODUCTS_DIR)/CompositionalLayout.app/$(BUNDLE_EXECUTABLE_FOLDER_PATH)/CompositionalLayout";
			};
			name = Release;
		};
		98D9C68328F18B7300094444 /* Debug */ = {
			isa = XCBuildConfiguration;
			buildSettings = {
				ALWAYS_EMBED_SWIFT_STANDARD_LIBRARIES = YES;
				CODE_SIGN_STYLE = Automatic;
				CURRENT_PROJECT_VERSION = 1;
				GENERATE_INFOPLIST_FILE = YES;
				MARKETING_VERSION = 1.0;
				PRODUCT_BUNDLE_IDENTIFIER = uckmhnds.CompositionalLayoutUITests;
				PRODUCT_NAME = "$(TARGET_NAME)";
				SWIFT_EMIT_LOC_STRINGS = NO;
				SWIFT_VERSION = 5.0;
				TARGETED_DEVICE_FAMILY = "1,2";
				TEST_TARGET_NAME = CompositionalLayout;
			};
			name = Debug;
		};
		98D9C68428F18B7300094444 /* Release */ = {
			isa = XCBuildConfiguration;
			buildSettings = {
				ALWAYS_EMBED_SWIFT_STANDARD_LIBRARIES = YES;
				CODE_SIGN_STYLE = Automatic;
				CURRENT_PROJECT_VERSION = 1;
				GENERATE_INFOPLIST_FILE = YES;
				MARKETING_VERSION = 1.0;
				PRODUCT_BUNDLE_IDENTIFIER = uckmhnds.CompositionalLayoutUITests;
				PRODUCT_NAME = "$(TARGET_NAME)";
				SWIFT_EMIT_LOC_STRINGS = NO;
				SWIFT_VERSION = 5.0;
				TARGETED_DEVICE_FAMILY = "1,2";
				TEST_TARGET_NAME = CompositionalLayout;
			};
			name = Release;
		};
/* End XCBuildConfiguration section */

/* Begin XCConfigurationList section */
		98D9C64D28F18B7200094444 /* Build configuration list for PBXProject "CompositionalLayout" */ = {
			isa = XCConfigurationList;
			buildConfigurations = (
				98D9C67A28F18B7300094444 /* Debug */,
				98D9C67B28F18B7300094444 /* Release */,
			);
			defaultConfigurationIsVisible = 0;
			defaultConfigurationName = Release;
		};
		98D9C67C28F18B7300094444 /* Build configuration list for PBXNativeTarget "CompositionalLayout" */ = {
			isa = XCConfigurationList;
			buildConfigurations = (
				98D9C67D28F18B7300094444 /* Debug */,
				98D9C67E28F18B7300094444 /* Release */,
			);
			defaultConfigurationIsVisible = 0;
			defaultConfigurationName = Release;
		};
		98D9C67F28F18B7300094444 /* Build configuration list for PBXNativeTarget "CompositionalLayoutTests" */ = {
			isa = XCConfigurationList;
			buildConfigurations = (
				98D9C68028F18B7300094444 /* Debug */,
				98D9C68128F18B7300094444 /* Release */,
			);
			defaultConfigurationIsVisible = 0;
			defaultConfigurationName = Release;
		};
		98D9C68228F18B7300094444 /* Build configuration list for PBXNativeTarget "CompositionalLayoutUITests" */ = {
			isa = XCConfigurationList;
			buildConfigurations = (
				98D9C68328F18B7300094444 /* Debug */,
				98D9C68428F18B7300094444 /* Release */,
			);
			defaultConfigurationIsVisible = 0;
			defaultConfigurationName = Release;
		};
/* End XCConfigurationList section */
	};
	rootObject = 98D9C64A28F18B7200094444 /* Project object */;
}
